Microsoft Visual Studio Solution File, Format Version 12.00
# Visual Studio Version 17
VisualStudioVersion = 17.5.2.0
MinimumVisualStudioVersion = 10.0.40219.1
Project("{FAE04EC0-301F-11D3-BF4B-00C04F79EFBC}") = "EvenPulse", "EvenPulse\EvenPulse.csproj", "{E4A733F9-D067-767F-6CA8-B7D81D2B964F}"
EndProject
Global
	GlobalSection(SolutionConfigurationPlatforms) = preSolution
		Debug|Any CPU = Debug|Any CPU
		Release|Any CPU = Release|Any CPU
	EndGlobalSection
	GlobalSection(ProjectConfigurationPlatforms) = postSolution
		{E4A733F9-D067-767F-6CA8-B7D81D2B964F}.Debug|Any CPU.ActiveCfg = Debug|Any CPU
		{E4A733F9-D067-767F-6CA8-B7D81D2B964F}.Debug|Any CPU.Build.0 = Debug|Any CPU
		{E4A733F9-D067-767F-6CA8-B7D81D2B964F}.Release|Any CPU.ActiveCfg = Release|Any CPU
		{E4A733F9-D067-767F-6CA8-B7D81D2B964F}.Release|Any CPU.Build.0 = Release|Any CPU
	EndGlobalSection
	GlobalSection(SolutionProperties) = preSolution
		HideSolutionNode = FALSE
	EndGlobalSection
	GlobalSection(ExtensibilityGlobals) = postSolution
		SolutionGuid = {8BFC8E34-5D91-4AC3-AF35-265631659BF9}
	EndGlobalSection
EndGlobal
